
Microsoft Visual Studio Solution File, Format Version 12.00
Project("{FAE04EC0-301F-11D3-BF4B-00C04F79EFBC}") = "Infraestructure", "Infraestructure\Infraestructure.csproj", "{8C299521-0996-4A0C-B35D-FFD3BBE429A5}"
EndProject
Project("{FAE04EC0-301F-11D3-BF4B-00C04F79EFBC}") = "Application", "Application\Application.csproj", "{E3ADD4B3-0CFF-4D81-A985-BCC3FBFDBACC}"
EndProject
Project("{FAE04EC0-301F-11D3-BF4B-00C04F79EFBC}") = "Contracts", "Contracts\Contracts.csproj", "{141DD4E8-ECFF-4D15-B01B-CE0AD3EF1C3D}"
EndProject
Project("{FAE04EC0-301F-11D3-BF4B-00C04F79EFBC}") = "Domain", "Domain\Domain.csproj", "{3803EC80-E55C-448F-9EF5-689C8054D98E}"
EndProject
Global
	GlobalSection(SolutionConfigurationPlatforms) = preSolution
		Debug|Any CPU = Debug|Any CPU
		Release|Any CPU = Release|Any CPU
	EndGlobalSection
	GlobalSection(ProjectConfigurationPlatforms) = postSolution
		{8C299521-0996-4A0C-B35D-FFD3BBE429A5}.Debug|Any CPU.ActiveCfg = Debug|Any CPU
		{8C299521-0996-4A0C-B35D-FFD3BBE429A5}.Debug|Any CPU.Build.0 = Debug|Any CPU
		{8C299521-0996-4A0C-B35D-FFD3BBE429A5}.Release|Any CPU.ActiveCfg = Release|Any CPU
		{8C299521-0996-4A0C-B35D-FFD3BBE429A5}.Release|Any CPU.Build.0 = Release|Any CPU
		{E3ADD4B3-0CFF-4D81-A985-BCC3FBFDBACC}.Debug|Any CPU.ActiveCfg = Debug|Any CPU
		{E3ADD4B3-0CFF-4D81-A985-BCC3FBFDBACC}.Debug|Any CPU.Build.0 = Debug|Any CPU
		{E3ADD4B3-0CFF-4D81-A985-BCC3FBFDBACC}.Release|Any CPU.ActiveCfg = Release|Any CPU
		{E3ADD4B3-0CFF-4D81-A985-BCC3FBFDBACC}.Release|Any CPU.Build.0 = Release|Any CPU
		{141DD4E8-ECFF-4D15-B01B-CE0AD3EF1C3D}.Debug|Any CPU.ActiveCfg = Debug|Any CPU
		{141DD4E8-ECFF-4D15-B01B-CE0AD3EF1C3D}.Debug|Any CPU.Build.0 = Debug|Any CPU
		{141DD4E8-ECFF-4D15-B01B-CE0AD3EF1C3D}.Release|Any CPU.ActiveCfg = Release|Any CPU
		{141DD4E8-ECFF-4D15-B01B-CE0AD3EF1C3D}.Release|Any CPU.Build.0 = Release|Any CPU
		{3803EC80-E55C-448F-9EF5-689C8054D98E}.Debug|Any CPU.ActiveCfg = Debug|Any CPU
		{3803EC80-E55C-448F-9EF5-689C8054D98E}.Debug|Any CPU.Build.0 = Debug|Any CPU
		{3803EC80-E55C-448F-9EF5-689C8054D98E}.Release|Any CPU.ActiveCfg = Release|Any CPU
		{3803EC80-E55C-448F-9EF5-689C8054D98E}.Release|Any CPU.Build.0 = Release|Any CPU
	EndGlobalSection
EndGlobal
